
Microsoft Visual Studio Solution File, Format Version 12.00
# Visual Studio Version 16
VisualStudioVersion = 16.0.31729.503
MinimumVisualStudioVersion = 10.0.40219.1
Project("{FAE04EC0-301F-11D3-BF4B-00C04F79EFBC}") = "MovieRest", "MovieRest\MovieRest.csproj", "{1523F295-ED6E-4A0F-AEAF-CDC033D7B8BF}"
EndProject
Project("{FAE04EC0-301F-11D3-BF4B-00C04F79EFBC}") = "MovieRestTests", "MovieRestTests\MovieRestTests.csproj", "{61FFF94B-FA21-4763-B321-4D8AAF0ED7EF}"
EndProject
Global
	GlobalSection(SolutionConfigurationPlatforms) = preSolution
		Debug|Any CPU = Debug|Any CPU
		Release|Any CPU = Release|Any CPU
	EndGlobalSection
	GlobalSection(ProjectConfigurationPlatforms) = postSolution
		{1523F295-ED6E-4A0F-AEAF-CDC033D7B8BF}.Debug|Any CPU.ActiveCfg = Debug|Any CPU
		{1523F295-ED6E-4A0F-AEAF-CDC033D7B8BF}.Debug|Any CPU.Build.0 = Debug|Any CPU
		{1523F295-ED6E-4A0F-AEAF-CDC033D7B8BF}.Release|Any CPU.ActiveCfg = Release|Any CPU
		{1523F295-ED6E-4A0F-AEAF-CDC033D7B8BF}.Release|Any CPU.Build.0 = Release|Any CPU
		{61FFF94B-FA21-4763-B321-4D8AAF0ED7EF}.Debug|Any CPU.ActiveCfg = Debug|Any CPU
		{61FFF94B-FA21-4763-B321-4D8AAF0ED7EF}.Debug|Any CPU.Build.0 = Debug|Any CPU
		{61FFF94B-FA21-4763-B321-4D8AAF0ED7EF}.Release|Any CPU.ActiveCfg = Release|Any CPU
		{61FFF94B-FA21-4763-B321-4D8AAF0ED7EF}.Release|Any CPU.Build.0 = Release|Any CPU
	EndGlobalSection
	GlobalSection(SolutionProperties) = preSolution
		HideSolutionNode = FALSE
	EndGlobalSection
	GlobalSection(ExtensibilityGlobals) = postSolution
		SolutionGuid = {2412AC66-02F4-4EC7-B560-2CB244343FDA}
	EndGlobalSection
EndGlobal
